
Microsoft Visual Studio Solution File, Format Version 12.00
# Visual Studio 2013
VisualStudioVersion = 12.0.21005.1
MinimumVisualStudioVersion = 10.0.40219.1
Project("{FAE04EC0-301F-11D3-BF4B-00C04F79EFBC}") = "CenterView", "CenterView\CenterView.csproj", "{C1962D02-4C0D-48E4-85CA-4D7283012D51}"
EndProject
Project("{FAE04EC0-301F-11D3-BF4B-00C04F79EFBC}") = "NetworkMonitor", "NetworkMonitor\NetworkMonitor.csproj", "{02E7F77F-995D-451A-B10D-E26E573F0910}"
EndProject
Project("{FAE04EC0-301F-11D3-BF4B-00C04F79EFBC}") = "UnitTestCenterView", "UnitTestCenterView\UnitTestCenterView.csproj", "{2FCA0F0C-940B-40BA-B1EE-2C1979B7EF90}"
EndProject
Global
	GlobalSection(SolutionConfigurationPlatforms) = preSolution
		CD_ROM|Any CPU = CD_ROM|Any CPU
		Debug|Any CPU = Debug|Any CPU
		DVD-5|Any CPU = DVD-5|Any CPU
		Release|Any CPU = Release|Any CPU
		SingleImage|Any CPU = SingleImage|Any CPU
	EndGlobalSection
	GlobalSection(ProjectConfigurationPlatforms) = postSolution
		{C1962D02-4C0D-48E4-85CA-4D7283012D51}.CD_ROM|Any CPU.ActiveCfg = Release|Any CPU
		{C1962D02-4C0D-48E4-85CA-4D7283012D51}.CD_ROM|Any CPU.Build.0 = Release|Any CPU
		{C1962D02-4C0D-48E4-85CA-4D7283012D51}.Debug|Any CPU.ActiveCfg = Debug|Any CPU
		{C1962D02-4C0D-48E4-85CA-4D7283012D51}.Debug|Any CPU.Build.0 = Debug|Any CPU
		{C1962D02-4C0D-48E4-85CA-4D7283012D51}.DVD-5|Any CPU.ActiveCfg = Debug|Any CPU
		{C1962D02-4C0D-48E4-85CA-4D7283012D51}.DVD-5|Any CPU.Build.0 = Debug|Any CPU
		{C1962D02-4C0D-48E4-85CA-4D7283012D51}.Release|Any CPU.ActiveCfg = Release|Any CPU
		{C1962D02-4C0D-48E4-85CA-4D7283012D51}.Release|Any CPU.Build.0 = Release|Any CPU
		{C1962D02-4C0D-48E4-85CA-4D7283012D51}.SingleImage|Any CPU.ActiveCfg = Debug|Any CPU
		{C1962D02-4C0D-48E4-85CA-4D7283012D51}.SingleImage|Any CPU.Build.0 = Debug|Any CPU
		{02E7F77F-995D-451A-B10D-E26E573F0910}.CD_ROM|Any CPU.ActiveCfg = Release|Any CPU
		{02E7F77F-995D-451A-B10D-E26E573F0910}.CD_ROM|Any CPU.Build.0 = Release|Any CPU
		{02E7F77F-995D-451A-B10D-E26E573F0910}.Debug|Any CPU.ActiveCfg = Debug|Any CPU
		{02E7F77F-995D-451A-B10D-E26E573F0910}.Debug|Any CPU.Build.0 = Debug|Any CPU
		{02E7F77F-995D-451A-B10D-E26E573F0910}.DVD-5|Any CPU.ActiveCfg = Debug|Any CPU
		{02E7F77F-995D-451A-B10D-E26E573F0910}.DVD-5|Any CPU.Build.0 = Debug|Any CPU
		{02E7F77F-995D-451A-B10D-E26E573F0910}.Release|Any CPU.ActiveCfg = Release|Any CPU
		{02E7F77F-995D-451A-B10D-E26E573F0910}.Release|Any CPU.Build.0 = Release|Any CPU
		{02E7F77F-995D-451A-B10D-E26E573F0910}.SingleImage|Any CPU.ActiveCfg = Debug|Any CPU
		{02E7F77F-995D-451A-B10D-E26E573F0910}.SingleImage|Any CPU.Build.0 = Debug|Any CPU
		{2FCA0F0C-940B-40BA-B1EE-2C1979B7EF90}.CD_ROM|Any CPU.ActiveCfg = Release|Any CPU
		{2FCA0F0C-940B-40BA-B1EE-2C1979B7EF90}.CD_ROM|Any CPU.Build.0 = Release|Any CPU
		{2FCA0F0C-940B-40BA-B1EE-2C1979B7EF90}.Debug|Any CPU.ActiveCfg = Debug|Any CPU
		{2FCA0F0C-940B-40BA-B1EE-2C1979B7EF90}.Debug|Any CPU.Build.0 = Debug|Any CPU
		{2FCA0F0C-940B-40BA-B1EE-2C1979B7EF90}.DVD-5|Any CPU.ActiveCfg = Debug|Any CPU
		{2FCA0F0C-940B-40BA-B1EE-2C1979B7EF90}.DVD-5|Any CPU.Build.0 = Debug|Any CPU
		{2FCA0F0C-940B-40BA-B1EE-2C1979B7EF90}.Release|Any CPU.ActiveCfg = Release|Any CPU
		{2FCA0F0C-940B-40BA-B1EE-2C1979B7EF90}.Release|Any CPU.Build.0 = Release|Any CPU
		{2FCA0F0C-940B-40BA-B1EE-2C1979B7EF90}.SingleImage|Any CPU.ActiveCfg = Debug|Any CPU
		{2FCA0F0C-940B-40BA-B1EE-2C1979B7EF90}.SingleImage|Any CPU.Build.0 = Debug|Any CPU
		{BB126DDC-68FD-4F48-B751-33B65E3C988F}.CD_ROM|Any CPU.ActiveCfg = CD_ROM
		{BB126DDC-68FD-4F48-B751-33B65E3C988F}.CD_ROM|Any CPU.Build.0 = CD_ROM
		{BB126DDC-68FD-4F48-B751-33B65E3C988F}.Debug|Any CPU.ActiveCfg = DVD-5
		{BB126DDC-68FD-4F48-B751-33B65E3C988F}.Debug|Any CPU.Build.0 = DVD-5
		{BB126DDC-68FD-4F48-B751-33B65E3C988F}.DVD-5|Any CPU.ActiveCfg = DVD-5
		{BB126DDC-68FD-4F48-B751-33B65E3C988F}.DVD-5|Any CPU.Build.0 = DVD-5
		{BB126DDC-68FD-4F48-B751-33B65E3C988F}.Release|Any CPU.ActiveCfg = SingleImage
		{BB126DDC-68FD-4F48-B751-33B65E3C988F}.Release|Any CPU.Build.0 = SingleImage
		{BB126DDC-68FD-4F48-B751-33B65E3C988F}.SingleImage|Any CPU.ActiveCfg = SingleImage
		{BB126DDC-68FD-4F48-B751-33B65E3C988F}.SingleImage|Any CPU.Build.0 = SingleImage
	EndGlobalSection
	GlobalSection(SolutionProperties) = preSolution
		HideSolutionNode = FALSE
	EndGlobalSection
EndGlobal
